
Microsoft Visual Studio Solution File, Format Version 12.00
# Visual Studio Version 17
VisualStudioVersion = 17.14.36221.1 d17.14
MinimumVisualStudioVersion = 10.0.40219.1
Project("{FAE04EC0-301F-11D3-BF4B-00C04F79EFBC}") = "Server", "Server\Server.csproj", "{D5475021-5A13-4C06-9879-FB706BDA876D}"
EndProject
Project("{FAE04EC0-301F-11D3-BF4B-00C04F79EFBC}") = "Application", "Application\Application.csproj", "{B2C06F41-DDFD-42BD-9BD6-755D9ECBE4DD}"
EndProject
Project("{FAE04EC0-301F-11D3-BF4B-00C04F79EFBC}") = "Domain", "Domain\Domain.csproj", "{AEB268CD-EA7D-4194-BFEC-C2E5640D8248}"
EndProject
Project("{FAE04EC0-301F-11D3-BF4B-00C04F79EFBC}") = "Infrastructure", "Infrastructure\Infrastructure.csproj", "{6ACF5454-28D7-4B53-BB4F-73CB87481129}"
EndProject
Project("{FAE04EC0-301F-11D3-BF4B-00C04F79EFBC}") = "Client", "Client\Client.csproj", "{C698610F-13FD-41F9-A8A4-DDB01D950BDB}"
EndProject
Global
	GlobalSection(SolutionConfigurationPlatforms) = preSolution
		Debug|Any CPU = Debug|Any CPU
		Release|Any CPU = Release|Any CPU
	EndGlobalSection
	GlobalSection(ProjectConfigurationPlatforms) = postSolution
		{D5475021-5A13-4C06-9879-FB706BDA876D}.Debug|Any CPU.ActiveCfg = Debug|Any CPU
		{D5475021-5A13-4C06-9879-FB706BDA876D}.Debug|Any CPU.Build.0 = Debug|Any CPU
		{D5475021-5A13-4C06-9879-FB706BDA876D}.Release|Any CPU.ActiveCfg = Release|Any CPU
		{D5475021-5A13-4C06-9879-FB706BDA876D}.Release|Any CPU.Build.0 = Release|Any CPU
		{B2C06F41-DDFD-42BD-9BD6-755D9ECBE4DD}.Debug|Any CPU.ActiveCfg = Debug|Any CPU
		{B2C06F41-DDFD-42BD-9BD6-755D9ECBE4DD}.Debug|Any CPU.Build.0 = Debug|Any CPU
		{B2C06F41-DDFD-42BD-9BD6-755D9ECBE4DD}.Release|Any CPU.ActiveCfg = Release|Any CPU
		{B2C06F41-DDFD-42BD-9BD6-755D9ECBE4DD}.Release|Any CPU.Build.0 = Release|Any CPU
		{AEB268CD-EA7D-4194-BFEC-C2E5640D8248}.Debug|Any CPU.ActiveCfg = Debug|Any CPU
		{AEB268CD-EA7D-4194-BFEC-C2E5640D8248}.Debug|Any CPU.Build.0 = Debug|Any CPU
		{AEB268CD-EA7D-4194-BFEC-C2E5640D8248}.Release|Any CPU.ActiveCfg = Release|Any CPU
		{AEB268CD-EA7D-4194-BFEC-C2E5640D8248}.Release|Any CPU.Build.0 = Release|Any CPU
		{6ACF5454-28D7-4B53-BB4F-73CB87481129}.Debug|Any CPU.ActiveCfg = Debug|Any CPU
		{6ACF5454-28D7-4B53-BB4F-73CB87481129}.Debug|Any CPU.Build.0 = Debug|Any CPU
		{6ACF5454-28D7-4B53-BB4F-73CB87481129}.Release|Any CPU.ActiveCfg = Release|Any CPU
		{6ACF5454-28D7-4B53-BB4F-73CB87481129}.Release|Any CPU.Build.0 = Release|Any CPU
		{C698610F-13FD-41F9-A8A4-DDB01D950BDB}.Debug|Any CPU.ActiveCfg = Debug|Any CPU
		{C698610F-13FD-41F9-A8A4-DDB01D950BDB}.Debug|Any CPU.Build.0 = Debug|Any CPU
		{C698610F-13FD-41F9-A8A4-DDB01D950BDB}.Release|Any CPU.ActiveCfg = Release|Any CPU
		{C698610F-13FD-41F9-A8A4-DDB01D950BDB}.Release|Any CPU.Build.0 = Release|Any CPU
	EndGlobalSection
	GlobalSection(SolutionProperties) = preSolution
		HideSolutionNode = FALSE
	EndGlobalSection
	GlobalSection(ExtensibilityGlobals) = postSolution
		SolutionGuid = {E548218E-F52A-4D4B-ACEA-01BE75479750}
	EndGlobalSection
EndGlobal
